
Microsoft Visual Studio Solution File, Format Version 12.00
# Visual Studio Version 17
VisualStudioVersion = 17.0.31903.59
MinimumVisualStudioVersion = 10.0.40219.1
Project("{FAE04EC0-301F-11D3-BF4B-00C04F79EFBC}") = "ToyTales.Api", "ToyTales.Api\ToyTales.Api.csproj", "{5426E4ED-590F-43BC-8B69-9A39CE1A9851}"
EndProject
Global
	GlobalSection(SolutionConfigurationPlatforms) = preSolution
		Debug|Any CPU = Debug|Any CPU
		Release|Any CPU = Release|Any CPU
	EndGlobalSection
	GlobalSection(SolutionProperties) = preSolution
		HideSolutionNode = FALSE
	EndGlobalSection
	GlobalSection(ProjectConfigurationPlatforms) = postSolution
		{5426E4ED-590F-43BC-8B69-9A39CE1A9851}.Debug|Any CPU.ActiveCfg = Debug|Any CPU
		{5426E4ED-590F-43BC-8B69-9A39CE1A9851}.Debug|Any CPU.Build.0 = Debug|Any CPU
		{5426E4ED-590F-43BC-8B69-9A39CE1A9851}.Release|Any CPU.ActiveCfg = Release|Any CPU
		{5426E4ED-590F-43BC-8B69-9A39CE1A9851}.Release|Any CPU.Build.0 = Release|Any CPU
	EndGlobalSection
EndGlobal
